{
  "object": {
    "pins": [
      {
        "package": "Lottie",
        "repositoryURL": "https://github.com/airbnb/lottie-ios.git",
        "state": {
          "branch": null,
          "revision": "e428f89675588f2fe58891eac5f7c971098cf1a0",
          "version": "3.2.2"
        }
      }
    ]
  },
  "version": 1
}
