{
  "object": {
    "pins": [
      {
        "package": "Lottie",
        "repositoryURL": "https://github.com/airbnb/lottie-ios.git",
        "state": {
          "branch": null,
          "revision": "440a6eebb8a8ae9c773e9a3e21021b72a74ffbb7",
          "version": "4.1.2"
        }
      }
    ]
  },
  "version": 1
}
